
Microsoft Visual Studio Solution File, Format Version 12.00
# Visual Studio 2012
Project("{2150E333-8FDC-42A3-9474-1A3956D46DE8}") = "Solution Items", "Solution Items", "{9042D868-C41B-4297-A456-6A18B3197F5E}"
	ProjectSection(SolutionItems) = preProject
		BuildMonitor.vsmdi = BuildMonitor.vsmdi
		LocalTestRun.testrunconfig = LocalTestRun.testrunconfig
	EndProjectSection
EndProject
Project("{FAE04EC0-301F-11D3-BF4B-00C04F79EFBC}") = "BuildStateServer", "BuildStateServer\BuildStateServer.csproj", "{B5449290-8AB9-4049-8606-3872DD58B911}"
EndProject
Project("{FAE04EC0-301F-11D3-BF4B-00C04F79EFBC}") = "BuildClient", "BuildClient\BuildClient.csproj", "{92661B68-EA99-4BC3-A3BC-225BDDBE6664}"
EndProject
Project("{FAE04EC0-301F-11D3-BF4B-00C04F79EFBC}") = "BuildCommon", "BuildCommon\BuildCommon.csproj", "{AC1E1F49-5DC1-4761-A28F-ABFA9E89A1E3}"
EndProject
Project("{FAE04EC0-301F-11D3-BF4B-00C04F79EFBC}") = "DailyBuildProcess", "DailyBuildProcess\DailyBuildProcess.csproj", "{A580AA63-8E3A-4DE7-83C8-2E9957F1DEEC}"
EndProject
Project("{FAE04EC0-301F-11D3-BF4B-00C04F79EFBC}") = "BuildClient.Tests", "BuildClient.Tests\BuildClient.Tests.csproj", "{B66F60DB-FC0A-4D2F-86F8-DFDC690DA861}"
EndProject
Project("{FAE04EC0-301F-11D3-BF4B-00C04F79EFBC}") = "BuildCommon.Tests", "BuildCommon.Tests\BuildCommon.Tests.csproj", "{0E8B796A-E95D-4CA7-8FD9-C8A06519943E}"
EndProject
Project("{FAE04EC0-301F-11D3-BF4B-00C04F79EFBC}") = "BuildStateServer.Tests", "BuildStateServer.Tests\BuildStateServer.Tests.csproj", "{7D36D060-FAF9-4E30-BE0B-8270B838492D}"
EndProject
Project("{6141683F-8A12-4E36-9623-2EB02B2C2303}") = "MyTFSBuildMonitorSetup", "Setup1\MyTFSBuildMonitorSetup.isproj", "{574C94E9-FC53-490F-97AB-DDB31FDE960C}"
	ProjectSection(ProjectDependencies) = postProject
		{92661B68-EA99-4BC3-A3BC-225BDDBE6664} = {92661B68-EA99-4BC3-A3BC-225BDDBE6664}
		{B5449290-8AB9-4049-8606-3872DD58B911} = {B5449290-8AB9-4049-8606-3872DD58B911}
	EndProjectSection
EndProject
Global
	GlobalSection(TestCaseManagementSettings) = postSolution
		CategoryFile = BuildMonitor.vsmdi
	EndGlobalSection
	GlobalSection(SolutionConfigurationPlatforms) = preSolution
		CD_ROM|Any CPU = CD_ROM|Any CPU
		Debug|Any CPU = Debug|Any CPU
		DVD-5|Any CPU = DVD-5|Any CPU
		Release|Any CPU = Release|Any CPU
		SingleImage|Any CPU = SingleImage|Any CPU
	EndGlobalSection
	GlobalSection(ProjectConfigurationPlatforms) = postSolution
		{B5449290-8AB9-4049-8606-3872DD58B911}.CD_ROM|Any CPU.ActiveCfg = Release|Any CPU
		{B5449290-8AB9-4049-8606-3872DD58B911}.CD_ROM|Any CPU.Build.0 = Release|Any CPU
		{B5449290-8AB9-4049-8606-3872DD58B911}.Debug|Any CPU.ActiveCfg = Debug|Any CPU
		{B5449290-8AB9-4049-8606-3872DD58B911}.Debug|Any CPU.Build.0 = Debug|Any CPU
		{B5449290-8AB9-4049-8606-3872DD58B911}.DVD-5|Any CPU.ActiveCfg = Debug|Any CPU
		{B5449290-8AB9-4049-8606-3872DD58B911}.DVD-5|Any CPU.Build.0 = Debug|Any CPU
		{B5449290-8AB9-4049-8606-3872DD58B911}.Release|Any CPU.ActiveCfg = Release|Any CPU
		{B5449290-8AB9-4049-8606-3872DD58B911}.Release|Any CPU.Build.0 = Release|Any CPU
		{B5449290-8AB9-4049-8606-3872DD58B911}.SingleImage|Any CPU.ActiveCfg = Release|Any CPU
		{B5449290-8AB9-4049-8606-3872DD58B911}.SingleImage|Any CPU.Build.0 = Release|Any CPU
		{92661B68-EA99-4BC3-A3BC-225BDDBE6664}.CD_ROM|Any CPU.ActiveCfg = Release|Any CPU
		{92661B68-EA99-4BC3-A3BC-225BDDBE6664}.CD_ROM|Any CPU.Build.0 = Release|Any CPU
		{92661B68-EA99-4BC3-A3BC-225BDDBE6664}.Debug|Any CPU.ActiveCfg = Debug|Any CPU
		{92661B68-EA99-4BC3-A3BC-225BDDBE6664}.Debug|Any CPU.Build.0 = Debug|Any CPU
		{92661B68-EA99-4BC3-A3BC-225BDDBE6664}.DVD-5|Any CPU.ActiveCfg = Debug|Any CPU
		{92661B68-EA99-4BC3-A3BC-225BDDBE6664}.DVD-5|Any CPU.Build.0 = Debug|Any CPU
		{92661B68-EA99-4BC3-A3BC-225BDDBE6664}.Release|Any CPU.ActiveCfg = Release|Any CPU
		{92661B68-EA99-4BC3-A3BC-225BDDBE6664}.Release|Any CPU.Build.0 = Release|Any CPU
		{92661B68-EA99-4BC3-A3BC-225BDDBE6664}.SingleImage|Any CPU.ActiveCfg = Release|Any CPU
		{92661B68-EA99-4BC3-A3BC-225BDDBE6664}.SingleImage|Any CPU.Build.0 = Release|Any CPU
		{AC1E1F49-5DC1-4761-A28F-ABFA9E89A1E3}.CD_ROM|Any CPU.ActiveCfg = Release|Any CPU
		{AC1E1F49-5DC1-4761-A28F-ABFA9E89A1E3}.CD_ROM|Any CPU.Build.0 = Release|Any CPU
		{AC1E1F49-5DC1-4761-A28F-ABFA9E89A1E3}.Debug|Any CPU.ActiveCfg = Debug|Any CPU
		{AC1E1F49-5DC1-4761-A28F-ABFA9E89A1E3}.Debug|Any CPU.Build.0 = Debug|Any CPU
		{AC1E1F49-5DC1-4761-A28F-ABFA9E89A1E3}.DVD-5|Any CPU.ActiveCfg = Debug|Any CPU
		{AC1E1F49-5DC1-4761-A28F-ABFA9E89A1E3}.DVD-5|Any CPU.Build.0 = Debug|Any CPU
		{AC1E1F49-5DC1-4761-A28F-ABFA9E89A1E3}.Release|Any CPU.ActiveCfg = Release|Any CPU
		{AC1E1F49-5DC1-4761-A28F-ABFA9E89A1E3}.Release|Any CPU.Build.0 = Release|Any CPU
		{AC1E1F49-5DC1-4761-A28F-ABFA9E89A1E3}.SingleImage|Any CPU.ActiveCfg = Release|Any CPU
		{AC1E1F49-5DC1-4761-A28F-ABFA9E89A1E3}.SingleImage|Any CPU.Build.0 = Release|Any CPU
		{A580AA63-8E3A-4DE7-83C8-2E9957F1DEEC}.CD_ROM|Any CPU.ActiveCfg = Release|Any CPU
		{A580AA63-8E3A-4DE7-83C8-2E9957F1DEEC}.CD_ROM|Any CPU.Build.0 = Release|Any CPU
		{A580AA63-8E3A-4DE7-83C8-2E9957F1DEEC}.Debug|Any CPU.ActiveCfg = Debug|Any CPU
		{A580AA63-8E3A-4DE7-83C8-2E9957F1DEEC}.Debug|Any CPU.Build.0 = Debug|Any CPU
		{A580AA63-8E3A-4DE7-83C8-2E9957F1DEEC}.DVD-5|Any CPU.ActiveCfg = Debug|Any CPU
		{A580AA63-8E3A-4DE7-83C8-2E9957F1DEEC}.DVD-5|Any CPU.Build.0 = Debug|Any CPU
		{A580AA63-8E3A-4DE7-83C8-2E9957F1DEEC}.Release|Any CPU.ActiveCfg = Release|Any CPU
		{A580AA63-8E3A-4DE7-83C8-2E9957F1DEEC}.Release|Any CPU.Build.0 = Release|Any CPU
		{A580AA63-8E3A-4DE7-83C8-2E9957F1DEEC}.SingleImage|Any CPU.ActiveCfg = Release|Any CPU
		{A580AA63-8E3A-4DE7-83C8-2E9957F1DEEC}.SingleImage|Any CPU.Build.0 = Release|Any CPU
		{B66F60DB-FC0A-4D2F-86F8-DFDC690DA861}.CD_ROM|Any CPU.ActiveCfg = Release|Any CPU
		{B66F60DB-FC0A-4D2F-86F8-DFDC690DA861}.CD_ROM|Any CPU.Build.0 = Release|Any CPU
		{B66F60DB-FC0A-4D2F-86F8-DFDC690DA861}.Debug|Any CPU.ActiveCfg = Debug|Any CPU
		{B66F60DB-FC0A-4D2F-86F8-DFDC690DA861}.Debug|Any CPU.Build.0 = Debug|Any CPU
		{B66F60DB-FC0A-4D2F-86F8-DFDC690DA861}.DVD-5|Any CPU.ActiveCfg = Debug|Any CPU
		{B66F60DB-FC0A-4D2F-86F8-DFDC690DA861}.DVD-5|Any CPU.Build.0 = Debug|Any CPU
		{B66F60DB-FC0A-4D2F-86F8-DFDC690DA861}.Release|Any CPU.ActiveCfg = Release|Any CPU
		{B66F60DB-FC0A-4D2F-86F8-DFDC690DA861}.Release|Any CPU.Build.0 = Release|Any CPU
		{B66F60DB-FC0A-4D2F-86F8-DFDC690DA861}.SingleImage|Any CPU.ActiveCfg = Release|Any CPU
		{B66F60DB-FC0A-4D2F-86F8-DFDC690DA861}.SingleImage|Any CPU.Build.0 = Release|Any CPU
		{0E8B796A-E95D-4CA7-8FD9-C8A06519943E}.CD_ROM|Any CPU.ActiveCfg = Release|Any CPU
		{0E8B796A-E95D-4CA7-8FD9-C8A06519943E}.CD_ROM|Any CPU.Build.0 = Release|Any CPU
		{0E8B796A-E95D-4CA7-8FD9-C8A06519943E}.Debug|Any CPU.ActiveCfg = Debug|Any CPU
		{0E8B796A-E95D-4CA7-8FD9-C8A06519943E}.Debug|Any CPU.Build.0 = Debug|Any CPU
		{0E8B796A-E95D-4CA7-8FD9-C8A06519943E}.DVD-5|Any CPU.ActiveCfg = Debug|Any CPU
		{0E8B796A-E95D-4CA7-8FD9-C8A06519943E}.DVD-5|Any CPU.Build.0 = Debug|Any CPU
		{0E8B796A-E95D-4CA7-8FD9-C8A06519943E}.Release|Any CPU.ActiveCfg = Release|Any CPU
		{0E8B796A-E95D-4CA7-8FD9-C8A06519943E}.Release|Any CPU.Build.0 = Release|Any CPU
		{0E8B796A-E95D-4CA7-8FD9-C8A06519943E}.SingleImage|Any CPU.ActiveCfg = Release|Any CPU
		{0E8B796A-E95D-4CA7-8FD9-C8A06519943E}.SingleImage|Any CPU.Build.0 = Release|Any CPU
		{7D36D060-FAF9-4E30-BE0B-8270B838492D}.CD_ROM|Any CPU.ActiveCfg = Release|Any CPU
		{7D36D060-FAF9-4E30-BE0B-8270B838492D}.CD_ROM|Any CPU.Build.0 = Release|Any CPU
		{7D36D060-FAF9-4E30-BE0B-8270B838492D}.Debug|Any CPU.ActiveCfg = Debug|Any CPU
		{7D36D060-FAF9-4E30-BE0B-8270B838492D}.Debug|Any CPU.Build.0 = Debug|Any CPU
		{7D36D060-FAF9-4E30-BE0B-8270B838492D}.DVD-5|Any CPU.ActiveCfg = Debug|Any CPU
		{7D36D060-FAF9-4E30-BE0B-8270B838492D}.DVD-5|Any CPU.Build.0 = Debug|Any CPU
		{7D36D060-FAF9-4E30-BE0B-8270B838492D}.Release|Any CPU.ActiveCfg = Release|Any CPU
		{7D36D060-FAF9-4E30-BE0B-8270B838492D}.Release|Any CPU.Build.0 = Release|Any CPU
		{7D36D060-FAF9-4E30-BE0B-8270B838492D}.SingleImage|Any CPU.ActiveCfg = Release|Any CPU
		{7D36D060-FAF9-4E30-BE0B-8270B838492D}.SingleImage|Any CPU.Build.0 = Release|Any CPU
		{574C94E9-FC53-490F-97AB-DDB31FDE960C}.CD_ROM|Any CPU.ActiveCfg = CD_ROM
		{574C94E9-FC53-490F-97AB-DDB31FDE960C}.CD_ROM|Any CPU.Build.0 = CD_ROM
		{574C94E9-FC53-490F-97AB-DDB31FDE960C}.Debug|Any CPU.ActiveCfg = DVD-5
		{574C94E9-FC53-490F-97AB-DDB31FDE960C}.Debug|Any CPU.Build.0 = DVD-5
		{574C94E9-FC53-490F-97AB-DDB31FDE960C}.DVD-5|Any CPU.ActiveCfg = DVD-5
		{574C94E9-FC53-490F-97AB-DDB31FDE960C}.DVD-5|Any CPU.Build.0 = DVD-5
		{574C94E9-FC53-490F-97AB-DDB31FDE960C}.Release|Any CPU.ActiveCfg = SingleImage
		{574C94E9-FC53-490F-97AB-DDB31FDE960C}.SingleImage|Any CPU.ActiveCfg = SingleImage
		{574C94E9-FC53-490F-97AB-DDB31FDE960C}.SingleImage|Any CPU.Build.0 = SingleImage
	EndGlobalSection
	GlobalSection(SolutionProperties) = preSolution
		HideSolutionNode = FALSE
	EndGlobalSection
EndGlobal
